version: 1
packages:
  argus-xdrs-governance: 1.0.1
  xdrs-core: 0.28.4
sets:
  - package: argus-xdrs-governance
    output: {}
    selector: {}
files:
  .:
    - .xdrs/_core/adrs/index.md|xdrs-core|0.28.4|file|ca7abba5dbdf|0
    - .xdrs/_core/adrs/principles/001-xdrs-core.md|xdrs-core|0.28.4|file|0f2c3f610ddb|0
    - .xdrs/_core/adrs/principles/002-policy-standards.md|xdrs-core|0.28.4|file|ddf9b37f8830|0
    - .xdrs/_core/adrs/principles/003-skill-standards.md|xdrs-core|0.28.4|file|92faf9ffa638|0
    - .xdrs/_core/adrs/principles/004-article-standards.md|xdrs-core|0.28.4|file|1bba5558d7fa|0
    - .xdrs/_core/adrs/principles/005-semantic-versioning-for-xdrs-packages.md|xdrs-core|0.28.4|file|3060fcc77aa7|0
    - .xdrs/_core/adrs/principles/006-research-standards.md|xdrs-core|0.28.4|file|ff847fcd5914|0
    - .xdrs/_core/adrs/principles/007-plan-standards.md|xdrs-core|0.28.4|file|ed6f135f86a4|0
    - .xdrs/_core/adrs/principles/008-xdr-standards-structured.md|xdrs-core|0.28.4|file|3c6b7c9b1415|0
    - .xdrs/_core/adrs/principles/009-presentation-standards.md|xdrs-core|0.28.4|file|d454789bedd2|0
    - .xdrs/_core/adrs/principles/articles/.assets/001-xdrs-overview-slides.md|xdrs-core|0.28.4|file|d4071aa47a37|0
    - .xdrs/_core/adrs/principles/articles/001-xdrs-overview.md|xdrs-core|0.28.4|file|76e6ae9392a1|0
    - .xdrs/_core/adrs/principles/skills/001-review/SKILL.md|xdrs-core|0.28.4|file|04262f4e9ea2|0
    - .xdrs/_core/adrs/principles/skills/002-write-policy/SKILL.md|xdrs-core|0.28.4|file|904800bb5336|0
    - .xdrs/_core/adrs/principles/skills/003-write-skill/SKILL.md|xdrs-core|0.28.4|file|9d38bf64a0aa|0
    - .xdrs/_core/adrs/principles/skills/004-write-article/SKILL.md|xdrs-core|0.28.4|file|8a9c392061d2|0
    - .xdrs/_core/adrs/principles/skills/005-write-research/SKILL.md|xdrs-core|0.28.4|file|69e9d4d8fe21|0
    - .xdrs/_core/adrs/principles/skills/006-write-plan/SKILL.md|xdrs-core|0.28.4|file|d31cdc8956b9|0
    - .xdrs/_core/adrs/principles/skills/007-write-presentation/SKILL.md|xdrs-core|0.28.4|file|eaae488e6198|0
    - .xdrs/_core/adrs/principles/skills/008-write-xdrs-doc/SKILL.md|xdrs-core|0.28.4|file|0236f9e4819d|0
    - .xdrs/_core/index.md|xdrs-core|0.28.4|file|de2c5180edbe|0
    - AGENTS.md|argus-xdrs-governance|1.0.1|file|c9bf3992da84|0
    - .seeds/ARGUS.md|argus-xdrs-governance|1.0.1|file|686b3190884c|0
    - .seeds/BAU.json|argus-xdrs-governance|1.0.1|file|8143f811960e|0
    - .seeds/BLAST.json|argus-xdrs-governance|1.0.1|file|f3ced360e2ad|0
    - .seeds/COMPASS.json|argus-xdrs-governance|1.0.1|file|f31ac5399e7a|0
    - .seeds/EMPIRICUS.json|argus-xdrs-governance|1.0.1|file|4f70db769779|0
    - .seeds/FLUX.json|argus-xdrs-governance|1.0.1|file|e82eff79dc16|0
    - .seeds/GHOST.json|argus-xdrs-governance|1.0.1|file|3b16976d8963|0
    - .seeds/HERALD.json|argus-xdrs-governance|1.0.1|file|a0e270847088|0
    - .seeds/LITERATE.json|argus-xdrs-governance|1.0.1|file|4e45fbdfeb28|0
    - .seeds/PARETO.json|argus-xdrs-governance|1.0.1|file|6d6b62bddb0c|0
    - .seeds/POLARBEAR.json|argus-xdrs-governance|1.0.1|file|8103b6dd803c|0
    - .seeds/PROBE.json|argus-xdrs-governance|1.0.1|file|d0a194ebcb64|0
    - .seeds/RIVERRAID.json|argus-xdrs-governance|1.0.1|file|525e4a1b926b|0
    - .seeds/SCAFFOLD.json|argus-xdrs-governance|1.0.1|file|591bdf48135e|0
    - .seeds/SCOUT.json|argus-xdrs-governance|1.0.1|file|2c57193a7f36|0
    - .seeds/SCRIBE.json|argus-xdrs-governance|1.0.1|file|15c11b7e5e58|0
    - .seeds/SENTINEL.json|argus-xdrs-governance|1.0.1|file|d15ffd8ff4c0|0
    - .seeds/SOVEREIGN.json|argus-xdrs-governance|1.0.1|file|b3fcf312b811|0
    - CLAUDE.md|argus-xdrs-governance|1.0.1|file|69a7a2b3df9a|0
    - .github/skills/001-review|xdrs-core|0.28.4|symlink|18c5f3a037d4|0
    - .github/skills/008-write-xdrs-doc|xdrs-core|0.28.4|symlink|c3a23ff52f24|0
checksum: 82b6e536e171
